version = 1
revision = 3
requires-python = ">=3.10"

[[package]]
name = "eglot-typescript-preset"
version = "0.0.0"
source = { virtual = "." }

[package.dev-dependencies]
dev = [
    { name = "rassumfrassum" },
]

[package.metadata]

[package.metadata.requires-dev]
dev = [{ name = "rassumfrassum", specifier = ">=0.3.3,<0.4" }]

[[package]]
name = "rassumfrassum"
version = "0.3.3"
source = { registry = "https://pypi.org/simple" }
sdist = { url = "https://files.pythonhosted.org/packages/3a/fc/4e060751a14aa8762a5308a5ef5b28449119e611ae8beb72d57620268b60/rassumfrassum-0.3.3.tar.gz", hash = "sha256:1acd9083069f8fd9b5b5d55cc359385174dbc606d2e5ac1308834191be472217", size = 50357, upload-time = "2026-01-24T14:04:45.889Z" }
wheels = [
    { url = "https://files.pythonhosted.org/packages/7d/d5/e4bff2b9941d94af21d560f363d3dd224a0f34b13e0f4d4e3efd60eb654f/rassumfrassum-0.3.3-py3-none-any.whl", hash = "sha256:e1e2c2a81a85ee70a97e3de145aef38a3d2ffa8518a3b555ce71d10f2a83cc03", size = 48759, upload-time = "2026-01-24T14:04:44.244Z" },
]
